
Microsoft Visual Studio Solution File, Format Version 12.00
# Visual Studio Version 16
VisualStudioVersion = 16.0.31624.102
MinimumVisualStudioVersion = 10.0.40219.1
Project("{9A19103F-16F7-4668-BE54-9A1E7A4F7556}") = "GestformLibrary", "Gestform\GestformLibrary.csproj", "{230B8BE0-C41B-4FB2-B430-992C62E01532}"
EndProject
Project("{9A19103F-16F7-4668-BE54-9A1E7A4F7556}") = "GestformTest", "GestformTest\GestformTest.csproj", "{67BA5BFD-7415-4748-9624-4B0DC915A438}"
EndProject
Project("{9A19103F-16F7-4668-BE54-9A1E7A4F7556}") = "GestFormApp", "GestFormApp\GestFormApp.csproj", "{9CA133B2-1D3F-4D20-9FD0-C578FA4FDE31}"
EndProject
Global
	GlobalSection(SolutionConfigurationPlatforms) = preSolution
		Debug|Any CPU = Debug|Any CPU
		Release|Any CPU = Release|Any CPU
	EndGlobalSection
	GlobalSection(ProjectConfigurationPlatforms) = postSolution
		{230B8BE0-C41B-4FB2-B430-992C62E01532}.Debug|Any CPU.ActiveCfg = Debug|Any CPU
		{230B8BE0-C41B-4FB2-B430-992C62E01532}.Debug|Any CPU.Build.0 = Debug|Any CPU
		{230B8BE0-C41B-4FB2-B430-992C62E01532}.Release|Any CPU.ActiveCfg = Release|Any CPU
		{230B8BE0-C41B-4FB2-B430-992C62E01532}.Release|Any CPU.Build.0 = Release|Any CPU
		{67BA5BFD-7415-4748-9624-4B0DC915A438}.Debug|Any CPU.ActiveCfg = Debug|Any CPU
		{67BA5BFD-7415-4748-9624-4B0DC915A438}.Debug|Any CPU.Build.0 = Debug|Any CPU
		{67BA5BFD-7415-4748-9624-4B0DC915A438}.Release|Any CPU.ActiveCfg = Release|Any CPU
		{67BA5BFD-7415-4748-9624-4B0DC915A438}.Release|Any CPU.Build.0 = Release|Any CPU
		{9CA133B2-1D3F-4D20-9FD0-C578FA4FDE31}.Debug|Any CPU.ActiveCfg = Debug|Any CPU
		{9CA133B2-1D3F-4D20-9FD0-C578FA4FDE31}.Debug|Any CPU.Build.0 = Debug|Any CPU
		{9CA133B2-1D3F-4D20-9FD0-C578FA4FDE31}.Release|Any CPU.ActiveCfg = Release|Any CPU
		{9CA133B2-1D3F-4D20-9FD0-C578FA4FDE31}.Release|Any CPU.Build.0 = Release|Any CPU
	EndGlobalSection
	GlobalSection(SolutionProperties) = preSolution
		HideSolutionNode = FALSE
	EndGlobalSection
	GlobalSection(ExtensibilityGlobals) = postSolution
		SolutionGuid = {F9F2BE9B-47B8-4EA9-B7CC-7ED2F8BD4228}
	EndGlobalSection
EndGlobal
